{
  "name": "farm",
  "version": "1.0.0",
  "lockfileVersion": 3,
  "requires": true,
  "packages": {
    "": {
      "name": "farm",
      "version": "1.0.0",
      "license": "ISC",
      "devDependencies": {
        "@types/google-apps-script": "^1.0.87"
      }
    },
    "node_modules/@types/google-apps-script": {
      "version": "1.0.87",
      "resolved": "https://registry.npmjs.org/@types/google-apps-script/-/google-apps-script-1.0.87.tgz",
      "integrity": "sha512-t3mqWmoYWLgud3QIycQ4kLN7H8Vh0CGpedkpg2XJb/4QSUvQk9MyvXC6lC6wpj3y2iJBNnKBnksuhhSiSwpzhg==",
      "dev": true
    }
  }
}
